
Microsoft Visual Studio Solution File, Format Version 12.00
# Visual Studio Version 17
VisualStudioVersion = 17.8.34322.80
MinimumVisualStudioVersion = 10.0.40219.1
Project("{9A19103F-16F7-4668-BE54-9A1E7A4F7556}") = "BlazeBlog", "BlazeBlog\BlazeBlog.csproj", "{F286170E-82D8-468D-BFF2-6870BB9EF127}"
EndProject
Global
	GlobalSection(SolutionConfigurationPlatforms) = preSolution
		Debug|Any CPU = Debug|Any CPU
		Release|Any CPU = Release|Any CPU
	EndGlobalSection
	GlobalSection(ProjectConfigurationPlatforms) = postSolution
		{F286170E-82D8-468D-BFF2-6870BB9EF127}.Debug|Any CPU.ActiveCfg = Debug|Any CPU
		{F286170E-82D8-468D-BFF2-6870BB9EF127}.Debug|Any CPU.Build.0 = Debug|Any CPU
		{F286170E-82D8-468D-BFF2-6870BB9EF127}.Release|Any CPU.ActiveCfg = Release|Any CPU
		{F286170E-82D8-468D-BFF2-6870BB9EF127}.Release|Any CPU.Build.0 = Release|Any CPU
	EndGlobalSection
	GlobalSection(SolutionProperties) = preSolution
		HideSolutionNode = FALSE
	EndGlobalSection
	GlobalSection(ExtensibilityGlobals) = postSolution
		SolutionGuid = {2EB25A5F-0DD6-4164-AD38-CBA63B555B9E}
	EndGlobalSection
EndGlobal
